
Microsoft Visual Studio Solution File, Format Version 12.00
# Visual Studio 15
VisualStudioVersion = 15.0.28307.168
MinimumVisualStudioVersion = 10.0.40219.1
Project("{FAE04EC0-301F-11D3-BF4B-00C04F79EFBC}") = "Practic_4", "Practic_4\Practic_4.csproj", "{F6837E48-6C42-4796-BEBA-506C53136996}"
EndProject
Global
	GlobalSection(SolutionConfigurationPlatforms) = preSolution
		Debug|Any CPU = Debug|Any CPU
		Release|Any CPU = Release|Any CPU
	EndGlobalSection
	GlobalSection(ProjectConfigurationPlatforms) = postSolution
		{F6837E48-6C42-4796-BEBA-506C53136996}.Debug|Any CPU.ActiveCfg = Debug|Any CPU
		{F6837E48-6C42-4796-BEBA-506C53136996}.Debug|Any CPU.Build.0 = Debug|Any CPU
		{F6837E48-6C42-4796-BEBA-506C53136996}.Release|Any CPU.ActiveCfg = Release|Any CPU
		{F6837E48-6C42-4796-BEBA-506C53136996}.Release|Any CPU.Build.0 = Release|Any CPU
	EndGlobalSection
	GlobalSection(SolutionProperties) = preSolution
		HideSolutionNode = FALSE
	EndGlobalSection
	GlobalSection(ExtensibilityGlobals) = postSolution
		SolutionGuid = {1646BE08-E93B-4D9F-B60E-0EE1DB1589B5}
	EndGlobalSection
EndGlobal
